{
  "name": "docfx_project",
  "lockfileVersion": 3,
  "requires": true,
  "packages": {
    "": {
      "devDependencies": {
        "docfx": "^1.0.5"
      }
    },
    "node_modules/docfx": {
      "version": "1.0.5",
      "resolved": "https://registry.npmjs.org/docfx/-/docfx-1.0.5.tgz",
      "integrity": "sha512-IavG7ov//sUZFskYOMlCsqI8AZfua7VXPLevI1fSl5LSopNTALg82S2VPusl5DSKj2LaV5fjyxHwCIDwmK9pFA==",
      "deprecated": "this package has been deprecated",
      "dev": true,
      "bin": {
        "docfx": "docfx/docfxjs"
      }
    }
  }
}
